
Microsoft Visual Studio Solution File, Format Version 12.00
# Visual Studio Version 17
VisualStudioVersion = 17.7.34221.43
MinimumVisualStudioVersion = 10.0.40219.1
Project("{FAE04EC0-301F-11D3-BF4B-00C04F79EFBC}") = "drawio", "drawio.csproj", "{548808FD-D662-4F47-89F1-457DB6FCCEFA}"
EndProject
Global
	GlobalSection(SolutionConfigurationPlatforms) = preSolution
		Debug|Any CPU = Debug|Any CPU
		Release|Any CPU = Release|Any CPU
	EndGlobalSection
	GlobalSection(ProjectConfigurationPlatforms) = postSolution
		{548808FD-D662-4F47-89F1-457DB6FCCEFA}.Debug|Any CPU.ActiveCfg = Debug|Any CPU
		{548808FD-D662-4F47-89F1-457DB6FCCEFA}.Debug|Any CPU.Build.0 = Debug|Any CPU
		{548808FD-D662-4F47-89F1-457DB6FCCEFA}.Release|Any CPU.ActiveCfg = Release|Any CPU
		{548808FD-D662-4F47-89F1-457DB6FCCEFA}.Release|Any CPU.Build.0 = Release|Any CPU
	EndGlobalSection
	GlobalSection(SolutionProperties) = preSolution
		HideSolutionNode = FALSE
	EndGlobalSection
	GlobalSection(ExtensibilityGlobals) = postSolution
		SolutionGuid = {2CE32518-E4AE-4D5D-A760-AAA0D7D90D87}
	EndGlobalSection
EndGlobal
